// !$*UTF8*$!
{
	archiveVersion = 1;
	classes = {
	};
	objectVersion = 77;
	objects = {

/* Begin PBXContainerItemProxy section */
		7F507BCC2CEA4CA0005866F3 /* PBXContainerItemProxy */ = {
			isa = PBXContainerItemProxy;
			containerPortal = 7F507BAD2CEA4C9F005866F3 /* Project object */;
			proxyType = 1;
			remoteGlobalIDString = 7F507BB42CEA4C9F005866F3;
			remoteInfo = "Travelling app";
		};
		7F507BD62CEA4CA0005866F3 /* PBXContainerItemProxy */ = {
			isa = PBXContainerItemProxy;
			containerPortal = 7F507BAD2CEA4C9F005866F3 /* Project object */;
			proxyType = 1;
			remoteGlobalIDString = 7F507BB42CEA4C9F005866F3;
			remoteInfo = "Travelling app";
		};
/* End PBXContainerItemProxy section */

/* Begin PBXFileReference section */
		7F507BB52CEA4C9F005866F3 /* Travelling app.app */ = {isa = PBXFileReference; explicitFileType = wrapper.application; includeInIndex = 0; path = "Travelling app.app"; sourceTree = BUILT_PRODUCTS_DIR; };
		7F507BCB2CEA4CA0005866F3 /* Travelling appTests.xctest */ = {isa = PBXFileReference; explicitFileType = wrapper.cfbundle; includeInIndex = 0; path = "Travelling appTests.xctest"; sourceTree = BUILT_PRODUCTS_DIR; };
		7F507BD52CEA4CA0005866F3 /* Travelling appUITests.xctest */ = {isa = PBXFileReference; explicitFileType = wrapper.cfbundle; includeInIndex = 0; path = "Travelling appUITests.xctest"; sourceTree = BUILT_PRODUCTS_DIR; };
/* End PBXFileReference section */

/* Begin PBXFileSystemSynchronizedBuildFileExceptionSet section */
		7F507BDD2CEA4CA0005866F3 /* Exceptions for "Travelling app" folder in "Travelling app" target */ = {
			isa = PBXFileSystemSynchronizedBuildFileExceptionSet;
			membershipExceptions = (
				Info.plist,
			);
			target = 7F507BB42CEA4C9F005866F3 /* Travelling app */;
		};
/* End PBXFileSystemSynchronizedBuildFileExceptionSet section */

/* Begin PBXFileSystemSynchronizedRootGroup section */
		7F507BB72CEA4C9F005866F3 /* Travelling app */ = {
			isa = PBXFileSystemSynchronizedRootGroup;
			exceptions = (
				7F507BDD2CEA4CA0005866F3 /* Exceptions for "Travelling app" folder in "Travelling app" target */,
			);
			path = "Travelling app";
			sourceTree = "<group>";
		};
		7F507BCE2CEA4CA0005866F3 /* Travelling appTests */ = {
			isa = PBXFileSystemSynchronizedRootGroup;
			path = "Travelling appTests";
			sourceTree = "<group>";
		};
		7F507BD82CEA4CA0005866F3 /* Travelling appUITests */ = {
			isa = PBXFileSystemSynchronizedRootGroup;
			path = "Travelling appUITests";
			sourceTree = "<group>";
		};
/* End PBXFileSystemSynchronizedRootGroup section */

/* Begin PBXFrameworksBuildPhase section */
		7F507BB22CEA4C9F005866F3 /* Frameworks */ = {
			isa = PBXFrameworksBuildPhase;
			buildActionMask = 2147483647;
			files = (
			);
			runOnlyForDeploymentPostprocessing = 0;
		};
		7F507BC82CEA4CA0005866F3 /* Frameworks */ = {
			isa = PBXFrameworksBuildPhase;
			buildActionMask = 2147483647;
			files = (
			);
			runOnlyForDeploymentPostprocessing = 0;
		};
		7F507BD22CEA4CA0005866F3 /* Frameworks */ = {
			isa = PBXFrameworksBuildPhase;
			buildActionMask = 2147483647;
			files = (
			);
			runOnlyForDeploymentPostprocessing = 0;
		};
/* End PBXFrameworksBuildPhase section */

/* Begin PBXGroup section */
		7F507BAC2CEA4C9F005866F3 = {
			isa = PBXGroup;
			children = (
				7F507BB72CEA4C9F005866F3 /* Travelling app */,
				7F507BCE2CEA4CA0005866F3 /* Travelling appTests */,
				7F507BD82CEA4CA0005866F3 /* Travelling appUITests */,
				7F507BB62CEA4C9F005866F3 /* Products */,
			);
			sourceTree = "<group>";
		};
		7F507BB62CEA4C9F005866F3 /* Products */ = {
			isa = PBXGroup;
			children = (
				7F507BB52CEA4C9F005866F3 /* Travelling app.app */,
				7F507BCB2CEA4CA0005866F3 /* Travelling appTests.xctest */,
				7F507BD52CEA4CA0005866F3 /* Travelling appUITests.xctest */,
			);
			name = Products;
			sourceTree = "<group>";
		};
/* End PBXGroup section */

/* Begin PBXNativeTarget section */
		7F507BB42CEA4C9F005866F3 /* Travelling app */ = {
			isa = PBXNativeTarget;
			buildConfigurationList = 7F507BDE2CEA4CA0005866F3 /* Build configuration list for PBXNativeTarget "Travelling app" */;
			buildPhases = (
				7F507BB12CEA4C9F005866F3 /* Sources */,
				7F507BB22CEA4C9F005866F3 /* Frameworks */,
				7F507BB32CEA4C9F005866F3 /* Resources */,
			);
			buildRules = (
			);
			dependencies = (
			);
			fileSystemSynchronizedGroups = (
				7F507BB72CEA4C9F005866F3 /* Travelling app */,
			);
			name = "Travelling app";
			packageProductDependencies = (
			);
			productName = "Travelling app";
			productReference = 7F507BB52CEA4C9F005866F3 /* Travelling app.app */;
			productType = "com.apple.product-type.application";
		};
		7F507BCA2CEA4CA0005866F3 /* Travelling appTests */ = {
			isa = PBXNativeTarget;
			buildConfigurationList = 7F507BE32CEA4CA0005866F3 /* Build configuration list for PBXNativeTarget "Travelling appTests" */;
			buildPhases = (
				7F507BC72CEA4CA0005866F3 /* Sources */,
				7F507BC82CEA4CA0005866F3 /* Frameworks */,
				7F507BC92CEA4CA0005866F3 /* Resources */,
			);
			buildRules = (
			);
			dependencies = (
				7F507BCD2CEA4CA0005866F3 /* PBXTargetDependency */,
			);
			fileSystemSynchronizedGroups = (
				7F507BCE2CEA4CA0005866F3 /* Travelling appTests */,
			);
			name = "Travelling appTests";
			packageProductDependencies = (
			);
			productName = "Travelling appTests";
			productReference = 7F507BCB2CEA4CA0005866F3 /* Travelling appTests.xctest */;
			productType = "com.apple.product-type.bundle.unit-test";
		};
		7F507BD42CEA4CA0005866F3 /* Travelling appUITests */ = {
			isa = PBXNativeTarget;
			buildConfigurationList = 7F507BE62CEA4CA0005866F3 /* Build configuration list for PBXNativeTarget "Travelling appUITests" */;
			buildPhases = (
				7F507BD12CEA4CA0005866F3 /* Sources */,
				7F507BD22CEA4CA0005866F3 /* Frameworks */,
				7F507BD32CEA4CA0005866F3 /* Resources */,
			);
			buildRules = (
			);
			dependencies = (
				7F507BD72CEA4CA0005866F3 /* PBXTargetDependency */,
			);
			fileSystemSynchronizedGroups = (
				7F507BD82CEA4CA0005866F3 /* Travelling appUITests */,
			);
			name = "Travelling appUITests";
			packageProductDependencies = (
			);
			productName = "Travelling appUITests";
			productReference = 7F507BD52CEA4CA0005866F3 /* Travelling appUITests.xctest */;
			productType = "com.apple.product-type.bundle.ui-testing";
		};
/* End PBXNativeTarget section */

/* Begin PBXProject section */
		7F507BAD2CEA4C9F005866F3 /* Project object */ = {
			isa = PBXProject;
			attributes = {
				BuildIndependentTargetsInParallel = 1;
				LastSwiftUpdateCheck = 1610;
				LastUpgradeCheck = 1610;
				TargetAttributes = {
					7F507BB42CEA4C9F005866F3 = {
						CreatedOnToolsVersion = 16.1;
					};
					7F507BCA2CEA4CA0005866F3 = {
						CreatedOnToolsVersion = 16.1;
						TestTargetID = 7F507BB42CEA4C9F005866F3;
					};
					7F507BD42CEA4CA0005866F3 = {
						CreatedOnToolsVersion = 16.1;
						TestTargetID = 7F507BB42CEA4C9F005866F3;
					};
				};
			};
			buildConfigurationList = 7F507BB02CEA4C9F005866F3 /* Build configuration list for PBXProject "Travelling app" */;
			developmentRegion = en;
			hasScannedForEncodings = 0;
			knownRegions = (
				en,
				Base,
			);
			mainGroup = 7F507BAC2CEA4C9F005866F3;
			minimizedProjectReferenceProxies = 1;
			preferredProjectObjectVersion = 77;
			productRefGroup = 7F507BB62CEA4C9F005866F3 /* Products */;
			projectDirPath = "";
			projectRoot = "";
			targets = (
				7F507BB42CEA4C9F005866F3 /* Travelling app */,
				7F507BCA2CEA4CA0005866F3 /* Travelling appTests */,
				7F507BD42CEA4CA0005866F3 /* Travelling appUITests */,
			);
		};
/* End PBXProject section */

/* Begin PBXResourcesBuildPhase section */
		7F507BB32CEA4C9F005866F3 /* Resources */ = {
			isa = PBXResourcesBuildPhase;
			buildActionMask = 2147483647;
			files = (
			);
			runOnlyForDeploymentPostprocessing = 0;
		};
		7F507BC92CEA4CA0005866F3 /* Resources */ = {
			isa = PBXResourcesBuildPhase;
			buildActionMask = 2147483647;
			files = (
			);
			runOnlyForDeploymentPostprocessing = 0;
		};
		7F507BD32CEA4CA0005866F3 /* Resources */ = {
			isa = PBXResourcesBuildPhase;
			buildActionMask = 2147483647;
			files = (
			);
			runOnlyForDeploymentPostprocessing = 0;
		};
/* End PBXResourcesBuildPhase section */

/* Begin PBXSourcesBuildPhase section */
		7F507BB12CEA4C9F005866F3 /* Sources */ = {
			isa = PBXSourcesBuildPhase;
			buildActionMask = 2147483647;
			files = (
			);
			runOnlyForDeploymentPostprocessing = 0;
		};
		7F507BC72CEA4CA0005866F3 /* Sources */ = {
			isa = PBXSourcesBuildPhase;
			buildActionMask = 2147483647;
			files = (
			);
			runOnlyForDeploymentPostprocessing = 0;
		};
		7F507BD12CEA4CA0005866F3 /* Sources */ = {
			isa = PBXSourcesBuildPhase;
			buildActionMask = 2147483647;
			files = (
			);
			runOnlyForDeploymentPostprocessing = 0;
		};
/* End PBXSourcesBuildPhase section */

/* Begin PBXTargetDependency section */
		7F507BCD2CEA4CA0005866F3 /* PBXTargetDependency */ = {
			isa = PBXTargetDependency;
			target = 7F507BB42CEA4C9F005866F3 /* Travelling app */;
			targetProxy = 7F507BCC2CEA4CA0005866F3 /* PBXContainerItemProxy */;
		};
		7F507BD72CEA4CA0005866F3 /* PBXTargetDependency */ = {
			isa = PBXTargetDependency;
			target = 7F507BB42CEA4C9F005866F3 /* Travelling app */;
			targetProxy = 7F507BD62CEA4CA0005866F3 /* PBXContainerItemProxy */;
		};
/* End PBXTargetDependency section */

/* Begin XCBuildConfiguration section */
		7F507BDF2CEA4CA0005866F3 /* Debug */ = {
			isa = XCBuildConfiguration;
			buildSettings = {
				ASSETCATALOG_COMPILER_APPICON_NAME = AppIcon;
				ASSETCATALOG_COMPILER_GLOBAL_ACCENT_COLOR_NAME = AccentColor;
				CODE_SIGN_STYLE = Automatic;
				CURRENT_PROJECT_VERSION = 1;
				GENERATE_INFOPLIST_FILE = YES;
				INFOPLIST_FILE = "Travelling app/Info.plist";
				INFOPLIST_KEY_UIApplicationSupportsIndirectInputEvents = YES;
				INFOPLIST_KEY_UILaunchStoryboardName = LaunchScreen;
				INFOPLIST_KEY_UIMainStoryboardFile = Main;
				INFOPLIST_KEY_UISupportedInterfaceOrientations_iPad = "UIInterfaceOrientationPortrait UIInterfaceOrientationPortraitUpsideDown UIInterfaceOrientationLandscapeLeft UIInterfaceOrientationLandscapeRight";
				INFOPLIST_KEY_UISupportedInterfaceOrientations_iPhone = "UIInterfaceOrientationPortrait UIInterfaceOrientationLandscapeLeft UIInterfaceOrientationLandscapeRight";
				LD_RUNPATH_SEARCH_PATHS = (
					"$(inherited)",
					"@executable_path/Frameworks",
				);
				MARKETING_VERSION = 1.0;
				PRODUCT_BUNDLE_IDENTIFIER = "com.omm.Travelling-app";
				PRODUCT_NAME = "$(TARGET_NAME)";
				SWIFT_EMIT_LOC_STRINGS = YES;
				SWIFT_VERSION = 5.0;
				TARGETED_DEVICE_FAMILY = "1,2";
			};
			name = Debug;
		};
		7F507BE02CEA4CA0005866F3 /* Release */ = {
			isa = XCBuildConfiguration;
			buildSettings = {
				ASSETCATALOG_COMPILER_APPICON_NAME = AppIcon;
				ASSETCATALOG_COMPILER_GLOBAL_ACCENT_COLOR_NAME = AccentColor;
				CODE_SIGN_STYLE = Automatic;
				CURRENT_PROJECT_VERSION = 1;
				GENERATE_INFOPLIST_FILE = YES;
				INFOPLIST_FILE = "Travelling app/Info.plist";
				INFOPLIST_KEY_UIApplicationSupportsIndirectInputEvents = YES;
				INFOPLIST_KEY_UILaunchStoryboardName = LaunchScreen;
				INFOPLIST_KEY_UIMainStoryboardFile = Main;
				INFOPLIST_KEY_UISupportedInterfaceOrientations_iPad = "UIInterfaceOrientationPortrait UIInterfaceOrientationPortraitUpsideDown UIInterfaceOrientationLandscapeLeft UIInterfaceOrientationLandscapeRight";
				INFOPLIST_KEY_UISupportedInterfaceOrientations_iPhone = "UIInterfaceOrientationPortrait UIInterfaceOrientationLandscapeLeft UIInterfaceOrientationLandscapeRight";
				LD_RUNPATH_SEARCH_PATHS = (
					"$(inherited)",
					"@executable_path/Frameworks",
				);
				MARKETING_VERSION = 1.0;
				PRODUCT_BUNDLE_IDENTIFIER = "com.omm.Travelling-app";
				PRODUCT_NAME = "$(TARGET_NAME)";
				SWIFT_EMIT_LOC_STRINGS = YES;
				SWIFT_VERSION = 5.0;
				TARGETED_DEVICE_FAMILY = "1,2";
			};
			name = Release;
		};
		7F507BE12CEA4CA0005866F3 /* Debug */ = {
			isa = XCBuildConfiguration;
			buildSettings = {
				ALWAYS_SEARCH_USER_PATHS = NO;
				ASSETCATALOG_COMPILER_GENERATE_SWIFT_ASSET_SYMBOL_EXTENSIONS = YES;
				CLANG_ANALYZER_NONNULL = YES;
				CLANG_ANALYZER_NUMBER_OBJECT_CONVERSION = YES_AGGRESSIVE;
				CLANG_CXX_LANGUAGE_STANDARD = "gnu++20";
				CLANG_ENABLE_MODULES = YES;
				CLANG_ENABLE_OBJC_ARC = YES;
				CLANG_ENABLE_OBJC_WEAK = YES;
				CLANG_WARN_BLOCK_CAPTURE_AUTORELEASING = YES;
				CLANG_WARN_BOOL_CONVERSION = YES;
				CLANG_WARN_COMMA = YES;
				CLANG_WARN_CONSTANT_CONVERSION = YES;
				CLANG_WARN_DEPRECATED_OBJC_IMPLEMENTATIONS = YES;
				CLANG_WARN_DIRECT_OBJC_ISA_USAGE = YES_ERROR;
				CLANG_WARN_DOCUMENTATION_COMMENTS = YES;
				CLANG_WARN_EMPTY_BODY = YES;
				CLANG_WARN_ENUM_CONVERSION = YES;
				CLANG_WARN_INFINITE_RECURSION = YES;
				CLANG_WARN_INT_CONVERSION = YES;
				CLANG_WARN_NON_LITERAL_NULL_CONVERSION = YES;
				CLANG_WARN_OBJC_IMPLICIT_RETAIN_SELF = YES;
				CLANG_WARN_OBJC_LITERAL_CONVERSION = YES;
				CLANG_WARN_OBJC_ROOT_CLASS = YES_ERROR;
				CLANG_WARN_QUOTED_INCLUDE_IN_FRAMEWORK_HEADER = YES;
				CLANG_WARN_RANGE_LOOP_ANALYSIS = YES;
				CLANG_WARN_STRICT_PROTOTYPES = YES;
				CLANG_WARN_SUSPICIOUS_MOVE = YES;
				CLANG_WARN_UNGUARDED_AVAILABILITY = YES_AGGRESSIVE;
				CLANG_WARN_UNREACHABLE_CODE = YES;
				CLANG_WARN__DUPLICATE_METHOD_MATCH = YES;
				COPY_PHASE_STRIP = NO;
				DEBUG_INFORMATION_FORMAT = dwarf;
				ENABLE_STRICT_OBJC_MSGSEND = YES;
				ENABLE_TESTABILITY = YES;
				ENABLE_USER_SCRIPT_SANDBOXING = YES;
				GCC_C_LANGUAGE_STANDARD = gnu17;
				GCC_DYNAMIC_NO_PIC = NO;
				GCC_NO_COMMON_BLOCKS = YES;
				GCC_OPTIMIZATION_LEVEL = 0;
				GCC_PREPROCESSOR_DEFINITIONS = (
					"DEBUG=1",
					"$(inherited)",
				);
				GCC_WARN_64_TO_32_BIT_CONVERSION = YES;
				GCC_WARN_ABOUT_RETURN_TYPE = YES_ERROR;
				GCC_WARN_UNDECLARED_SELECTOR = YES;
				GCC_WARN_UNINITIALIZED_AUTOS = YES_AGGRESSIVE;
				GCC_WARN_UNUSED_FUNCTION = YES;
				GCC_WARN_UNUSED_VARIABLE = YES;
				IPHONEOS_DEPLOYMENT_TARGET = 18.1;
				LOCALIZATION_PREFERS_STRING_CATALOGS = YES;
				MTL_ENABLE_DEBUG_INFO = INCLUDE_SOURCE;
				MTL_FAST_MATH = YES;
				ONLY_ACTIVE_ARCH = YES;
				SDKROOT = iphoneos;
				SWIFT_ACTIVE_COMPILATION_CONDITIONS = "DEBUG $(inherited)";
				SWIFT_OPTIMIZATION_LEVEL = "-Onone";
			};
			name = Debug;
		};
		7F507BE22CEA4CA0005866F3 /* Release */ = {
			isa = XCBuildConfiguration;
			buildSettings = {
				ALWAYS_SEARCH_USER_PATHS = NO;
				ASSETCATALOG_COMPILER_GENERATE_SWIFT_ASSET_SYMBOL_EXTENSIONS = YES;
				CLANG_ANALYZER_NONNULL = YES;
				CLANG_ANALYZER_NUMBER_OBJECT_CONVERSION = YES_AGGRESSIVE;
				CLANG_CXX_LANGUAGE_STANDARD = "gnu++20";
				CLANG_ENABLE_MODULES = YES;
				CLANG_ENABLE_OBJC_ARC = YES;
				CLANG_ENABLE_OBJC_WEAK = YES;
				CLANG_WARN_BLOCK_CAPTURE_AUTORELEASING = YES;
				CLANG_WARN_BOOL_CONVERSION = YES;
				CLANG_WARN_COMMA = YES;
				CLANG_WARN_CONSTANT_CONVERSION = YES;
				CLANG_WARN_DEPRECATED_OBJC_IMPLEMENTATIONS = YES;
				CLANG_WARN_DIRECT_OBJC_ISA_USAGE = YES_ERROR;
				CLANG_WARN_DOCUMENTATION_COMMENTS = YES;
				CLANG_WARN_EMPTY_BODY = YES;
				CLANG_WARN_ENUM_CONVERSION = YES;
				CLANG_WARN_INFINITE_RECURSION = YES;
				CLANG_WARN_INT_CONVERSION = YES;
				CLANG_WARN_NON_LITERAL_NULL_CONVERSION = YES;
				CLANG_WARN_OBJC_IMPLICIT_RETAIN_SELF = YES;
				CLANG_WARN_OBJC_LITERAL_CONVERSION = YES;
				CLANG_WARN_OBJC_ROOT_CLASS = YES_ERROR;
				CLANG_WARN_QUOTED_INCLUDE_IN_FRAMEWORK_HEADER = YES;
				CLANG_WARN_RANGE_LOOP_ANALYSIS = YES;
				CLANG_WARN_STRICT_PROTOTYPES = YES;
				CLANG_WARN_SUSPICIOUS_MOVE = YES;
				CLANG_WARN_UNGUARDED_AVAILABILITY = YES_AGGRESSIVE;
				CLANG_WARN_UNREACHABLE_CODE = YES;
				CLANG_WARN__DUPLICATE_METHOD_MATCH = YES;
				COPY_PHASE_STRIP = NO;
				DEBUG_INFORMATION_FORMAT = "dwarf-with-dsym";
				ENABLE_NS_ASSERTIONS = NO;
				ENABLE_STRICT_OBJC_MSGSEND = YES;
				ENABLE_USER_SCRIPT_SANDBOXING = YES;
				GCC_C_LANGUAGE_STANDARD = gnu17;
				GCC_NO_COMMON_BLOCKS = YES;
				GCC_WARN_64_TO_32_BIT_CONVERSION = YES;
				GCC_WARN_ABOUT_RETURN_TYPE = YES_ERROR;
				GCC_WARN_UNDECLARED_SELECTOR = YES;
				GCC_WARN_UNINITIALIZED_AUTOS = YES_AGGRESSIVE;
				GCC_WARN_UNUSED_FUNCTION = YES;
				GCC_WARN_UNUSED_VARIABLE = YES;
				IPHONEOS_DEPLOYMENT_TARGET = 18.1;
				LOCALIZATION_PREFERS_STRING_CATALOGS = YES;
				MTL_ENABLE_DEBUG_INFO = NO;
				MTL_FAST_MATH = YES;
				SDKROOT = iphoneos;
				SWIFT_COMPILATION_MODE = wholemodule;
				VALIDATE_PRODUCT = YES;
			};
			name = Release;
		};
		7F507BE42CEA4CA0005866F3 /* Debug */ = {
			isa = XCBuildConfiguration;
			buildSettings = {
				BUNDLE_LOADER = "$(TEST_HOST)";
				CODE_SIGN_STYLE = Automatic;
				CURRENT_PROJECT_VERSION = 1;
				GENERATE_INFOPLIST_FILE = YES;
				IPHONEOS_DEPLOYMENT_TARGET = 18.1;
				MARKETING_VERSION = 1.0;
				PRODUCT_BUNDLE_IDENTIFIER = "com.omm.Travelling-appTests";
				PRODUCT_NAME = "$(TARGET_NAME)";
				SWIFT_EMIT_LOC_STRINGS = NO;
				SWIFT_VERSION = 5.0;
				TARGETED_DEVICE_FAMILY = "1,2";
				TEST_HOST = "$(BUILT_PRODUCTS_DIR)/Travelling app.app/$(BUNDLE_EXECUTABLE_FOLDER_PATH)/Travelling app";
			};
			name = Debug;
		};
		7F507BE52CEA4CA0005866F3 /* Release */ = {
			isa = XCBuildConfiguration;
			buildSettings = {
				BUNDLE_LOADER = "$(TEST_HOST)";
				CODE_SIGN_STYLE = Automatic;
				CURRENT_PROJECT_VERSION = 1;
				GENERATE_INFOPLIST_FILE = YES;
				IPHONEOS_DEPLOYMENT_TARGET = 18.1;
				MARKETING_VERSION = 1.0;
				PRODUCT_BUNDLE_IDENTIFIER = "com.omm.Travelling-appTests";
				PRODUCT_NAME = "$(TARGET_NAME)";
				SWIFT_EMIT_LOC_STRINGS = NO;
				SWIFT_VERSION = 5.0;
				TARGETED_DEVICE_FAMILY = "1,2";
				TEST_HOST = "$(BUILT_PRODUCTS_DIR)/Travelling app.app/$(BUNDLE_EXECUTABLE_FOLDER_PATH)/Travelling app";
			};
			name = Release;
		};
		7F507BE72CEA4CA0005866F3 /* Debug */ = {
			isa = XCBuildConfiguration;
			buildSettings = {
				CODE_SIGN_STYLE = Automatic;
				CURRENT_PROJECT_VERSION = 1;
				GENERATE_INFOPLIST_FILE = YES;
				MARKETING_VERSION = 1.0;
				PRODUCT_BUNDLE_IDENTIFIER = "com.omm.Travelling-appUITests";
				PRODUCT_NAME = "$(TARGET_NAME)";
				SWIFT_EMIT_LOC_STRINGS = NO;
				SWIFT_VERSION = 5.0;
				TARGETED_DEVICE_FAMILY = "1,2";
				TEST_TARGET_NAME = "Travelling app";
			};
			name = Debug;
		};
		7F507BE82CEA4CA0005866F3 /* Release */ = {
			isa = XCBuildConfiguration;
			buildSettings = {
				CODE_SIGN_STYLE = Automatic;
				CURRENT_PROJECT_VERSION = 1;
				GENERATE_INFOPLIST_FILE = YES;
				MARKETING_VERSION = 1.0;
				PRODUCT_BUNDLE_IDENTIFIER = "com.omm.Travelling-appUITests";
				PRODUCT_NAME = "$(TARGET_NAME)";
				SWIFT_EMIT_LOC_STRINGS = NO;
				SWIFT_VERSION = 5.0;
				TARGETED_DEVICE_FAMILY = "1,2";
				TEST_TARGET_NAME = "Travelling app";
			};
			name = Release;
		};
/* End XCBuildConfiguration section */

/* Begin XCConfigurationList section */
		7F507BB02CEA4C9F005866F3 /* Build configuration list for PBXProject "Travelling app" */ = {
			isa = XCConfigurationList;
			buildConfigurations = (
				7F507BE12CEA4CA0005866F3 /* Debug */,
				7F507BE22CEA4CA0005866F3 /* Release */,
			);
			defaultConfigurationIsVisible = 0;
			defaultConfigurationName = Release;
		};
		7F507BDE2CEA4CA0005866F3 /* Build configuration list for PBXNativeTarget "Travelling app" */ = {
			isa = XCConfigurationList;
			buildConfigurations = (
				7F507BDF2CEA4CA0005866F3 /* Debug */,
				7F507BE02CEA4CA0005866F3 /* Release */,
			);
			defaultConfigurationIsVisible = 0;
			defaultConfigurationName = Release;
		};
		7F507BE32CEA4CA0005866F3 /* Build configuration list for PBXNativeTarget "Travelling appTests" */ = {
			isa = XCConfigurationList;
			buildConfigurations = (
				7F507BE42CEA4CA0005866F3 /* Debug */,
				7F507BE52CEA4CA0005866F3 /* Release */,
			);
			defaultConfigurationIsVisible = 0;
			defaultConfigurationName = Release;
		};
		7F507BE62CEA4CA0005866F3 /* Build configuration list for PBXNativeTarget "Travelling appUITests" */ = {
			isa = XCConfigurationList;
			buildConfigurations = (
				7F507BE72CEA4CA0005866F3 /* Debug */,
				7F507BE82CEA4CA0005866F3 /* Release */,
			);
			defaultConfigurationIsVisible = 0;
			defaultConfigurationName = Release;
		};
/* End XCConfigurationList section */
	};
	rootObject = 7F507BAD2CEA4C9F005866F3 /* Project object */;
}
